
Microsoft Visual Studio Solution File, Format Version 12.00
# Visual Studio Version 16
VisualStudioVersion = 16.0.31729.503
MinimumVisualStudioVersion = 10.0.40219.1
Project("{FAE04EC0-301F-11D3-BF4B-00C04F79EFBC}") = "Study Buddy", "Study Buddy\Study Buddy.csproj", "{C5B230BC-0387-49AC-9CE2-AF653307B3F9}"
EndProject
Project("{FAE04EC0-301F-11D3-BF4B-00C04F79EFBC}") = "Nathans Unit Test", "Nathans Unit Test\Nathans Unit Test.csproj", "{D1B19E9F-91AD-41A7-B09B-1A6216D4C497}"
EndProject
Global
	GlobalSection(SolutionConfigurationPlatforms) = preSolution
		Debug|Any CPU = Debug|Any CPU
		Release|Any CPU = Release|Any CPU
	EndGlobalSection
	GlobalSection(ProjectConfigurationPlatforms) = postSolution
		{C5B230BC-0387-49AC-9CE2-AF653307B3F9}.Debug|Any CPU.ActiveCfg = Debug|Any CPU
		{C5B230BC-0387-49AC-9CE2-AF653307B3F9}.Debug|Any CPU.Build.0 = Debug|Any CPU
		{C5B230BC-0387-49AC-9CE2-AF653307B3F9}.Release|Any CPU.ActiveCfg = Release|Any CPU
		{C5B230BC-0387-49AC-9CE2-AF653307B3F9}.Release|Any CPU.Build.0 = Release|Any CPU
		{D1B19E9F-91AD-41A7-B09B-1A6216D4C497}.Debug|Any CPU.ActiveCfg = Debug|Any CPU
		{D1B19E9F-91AD-41A7-B09B-1A6216D4C497}.Debug|Any CPU.Build.0 = Debug|Any CPU
		{D1B19E9F-91AD-41A7-B09B-1A6216D4C497}.Release|Any CPU.ActiveCfg = Release|Any CPU
		{D1B19E9F-91AD-41A7-B09B-1A6216D4C497}.Release|Any CPU.Build.0 = Release|Any CPU
	EndGlobalSection
	GlobalSection(SolutionProperties) = preSolution
		HideSolutionNode = FALSE
	EndGlobalSection
	GlobalSection(ExtensibilityGlobals) = postSolution
		SolutionGuid = {492BA13D-7DE4-4CA6-AADB-1BC8FA8CBE8B}
	EndGlobalSection
EndGlobal
